
Microsoft Visual Studio Solution File, Format Version 12.00
# Visual Studio Version 16
VisualStudioVersion = 16.0.31702.278
MinimumVisualStudioVersion = 10.0.40219.1
Project("{8BC9CEB8-8B4A-11D0-8D11-00A0C91BC942}") = "ListaSimplementeLigada", "ListaSimplementeLigada\ListaSimplementeLigada.vcxproj", "{101586B1-C750-4BA1-9015-20829B9469E2}"
EndProject
Global
	GlobalSection(SolutionConfigurationPlatforms) = preSolution
		Debug|x64 = Debug|x64
		Debug|x86 = Debug|x86
		Release|x64 = Release|x64
		Release|x86 = Release|x86
	EndGlobalSection
	GlobalSection(ProjectConfigurationPlatforms) = postSolution
		{101586B1-C750-4BA1-9015-20829B9469E2}.Debug|x64.ActiveCfg = Debug|x64
		{101586B1-C750-4BA1-9015-20829B9469E2}.Debug|x64.Build.0 = Debug|x64
		{101586B1-C750-4BA1-9015-20829B9469E2}.Debug|x86.ActiveCfg = Debug|Win32
		{101586B1-C750-4BA1-9015-20829B9469E2}.Debug|x86.Build.0 = Debug|Win32
		{101586B1-C750-4BA1-9015-20829B9469E2}.Release|x64.ActiveCfg = Release|x64
		{101586B1-C750-4BA1-9015-20829B9469E2}.Release|x64.Build.0 = Release|x64
		{101586B1-C750-4BA1-9015-20829B9469E2}.Release|x86.ActiveCfg = Release|Win32
		{101586B1-C750-4BA1-9015-20829B9469E2}.Release|x86.Build.0 = Release|Win32
	EndGlobalSection
	GlobalSection(SolutionProperties) = preSolution
		HideSolutionNode = FALSE
	EndGlobalSection
	GlobalSection(ExtensibilityGlobals) = postSolution
		SolutionGuid = {270C448A-2308-48C9-A7DD-30CB0A08948D}
	EndGlobalSection
EndGlobal
